dependencies:
  LED:
    component_hash: 688592a85d2ffacc14886881871d68c821fd5136f530da228e0bbf6786b8d511
    dependencies: []
    source:
      git: https://github.com/AnchisaPhetnoi/ESP32-LED-Component.git
      path: components/LED
      type: git
    version: 37c785c3251593d554dfeee557d01159b8864081
  SEVENSEGMENT:
    component_hash: 34d496963ff37f0f5c3eabbdc2b907987e9c2715018e0334d11098fcaefd44ff
    dependencies: []
    source:
      git: https://github.com/AnchisaPhetnoi/Lab-07-Seven-segment-Component-develope.git
      path: components/SevenSegment
      type: git
    version: 31565bf0249dd3d56fa2bc18de9008743b7e6089
  idf:
    source:
      type: idf
    version: 5.2.2
direct_dependencies:
- LED
- SEVENSEGMENT
manifest_hash: ebee7616590e0703281c1f02b3c7fe98cc2a999c1711586cbf471e17c2e7386c
target: esp32
version: 2.0.0
